{
  "name": "realtime-chat-app-nodejs",
  "version": "1.0.0",
  "lockfileVersion": 3,
  "requires": true,
  "packages": {
    "": {
      "name": "realtime-chat-app-nodejs",
      "version": "1.0.0",
      "hasInstallScript": true,
      "license": "ISC",
      "dependencies": {
        "realtime-chat-app-nodejs": "file:"
      }
    },
    "node_modules/realtime-chat-app-nodejs": {
      "resolved": "",
      "link": true
    }
  }
}
